// !$*UTF8*$!
{
	archiveVersion = 1;
	classes = {
	};
	objectVersion = 48;
	objects = {

/* Begin PBXBuildFile section */
		5A13C8071FC942F700F333A7 /* URLAttachmentCell.swift in Sources */ = {isa = PBXBuildFile; fileRef = 5A13C8061FC942F700F333A7 /* URLAttachmentCell.swift */; };
		5A1F34891FC3019700E2DBDC /* MTextView.swift in Sources */ = {isa = PBXBuildFile; fileRef = 5A1F34881FC3019700E2DBDC /* MTextView.swift */; };
		5A485EE61FBB1D5900175169 /* AppDelegate.swift in Sources */ = {isa = PBXBuildFile; fileRef = 5A485EE51FBB1D5900175169 /* AppDelegate.swift */; };
		5A485EEA1FBB1D5900175169 /* Assets.xcassets in Resources */ = {isa = PBXBuildFile; fileRef = 5A485EE91FBB1D5900175169 /* Assets.xcassets */; };
		5A485EED1FBB1D5900175169 /* Main.storyboard in Resources */ = {isa = PBXBuildFile; fileRef = 5A485EEB1FBB1D5900175169 /* Main.storyboard */; };
		5A485EFA1FBB226600175169 /* AppDef.swift in Sources */ = {isa = PBXBuildFile; fileRef = 5A485EF91FBB226600175169 /* AppDef.swift */; };
		5A485EFC1FBB22B700175169 /* WindowController.swift in Sources */ = {isa = PBXBuildFile; fileRef = 5A485EFB1FBB22B700175169 /* WindowController.swift */; };
		5A485EFE1FBB286800175169 /* SplitViewController.swift in Sources */ = {isa = PBXBuildFile; fileRef = 5A485EFD1FBB286800175169 /* SplitViewController.swift */; };
		5A485F001FBB28D400175169 /* ItemsViewController.swift in Sources */ = {isa = PBXBuildFile; fileRef = 5A485EFF1FBB28D400175169 /* ItemsViewController.swift */; };
		5A485F031FBBC8C100175169 /* EditViewController.swift in Sources */ = {isa = PBXBuildFile; fileRef = 5A485F011FBBC8C100175169 /* EditViewController.swift */; };
		5A485F081FBE735B00175169 /* DBManager.swift in Sources */ = {isa = PBXBuildFile; fileRef = 5A485F071FBE735B00175169 /* DBManager.swift */; };
		5A485F0A1FBEF05C00175169 /* NoteProfile.swift in Sources */ = {isa = PBXBuildFile; fileRef = 5A485F091FBEF05C00175169 /* NoteProfile.swift */; };
		5A5A43A21FF9DBA400B42AD7 /* TextViewAttributeObserver.swift in Sources */ = {isa = PBXBuildFile; fileRef = 5A5A43A11FF9DBA400B42AD7 /* TextViewAttributeObserver.swift */; };
		5AA091831FEF733300FFD5C3 /* TitleField.swift in Sources */ = {isa = PBXBuildFile; fileRef = 5AA091821FEF733300FFD5C3 /* TitleField.swift */; };
		5AA091851FEFF45F00FFD5C3 /* TitleFieldCell.swift in Sources */ = {isa = PBXBuildFile; fileRef = 5AA091841FEFF45F00FFD5C3 /* TitleFieldCell.swift */; };
		5AB900911FFA6123009D3A47 /* ParagraphMenu.swift in Sources */ = {isa = PBXBuildFile; fileRef = 5AB900901FFA6123009D3A47 /* ParagraphMenu.swift */; };
		5AB900951FFA9ABD009D3A47 /* MTableRowView.swift in Sources */ = {isa = PBXBuildFile; fileRef = 5AB900941FFA9ABD009D3A47 /* MTableRowView.swift */; };
		5AD6F6D11FDC45BF00E6427D /* EditView.swift in Sources */ = {isa = PBXBuildFile; fileRef = 5AD6F6D01FDC45BF00E6427D /* EditView.swift */; };
		AE7AF2BDD8D9B1D81E3242B7 /* Pods_Meno.framework in Frameworks */ = {isa = PBXBuildFile; fileRef = 2477455312ED6AB0263ED9DE /* Pods_Meno.framework */; };
/* End PBXBuildFile section */

/* Begin PBXFileReference section */
		2477455312ED6AB0263ED9DE /* Pods_Meno.framework */ = {isa = PBXFileReference; explicitFileType = wrapper.framework; includeInIndex = 0; path = Pods_Meno.framework; sourceTree = BUILT_PRODUCTS_DIR; };
		5A13C8061FC942F700F333A7 /* URLAttachmentCell.swift */ = {isa = PBXFileReference; lastKnownFileType = sourcecode.swift; path = URLAttachmentCell.swift; sourceTree = "<group>"; };
		5A1F34881FC3019700E2DBDC /* MTextView.swift */ = {isa = PBXFileReference; lastKnownFileType = sourcecode.swift; path = MTextView.swift; sourceTree = "<group>"; };
		5A485EE21FBB1D5900175169 /* Meno.app */ = {isa = PBXFileReference; explicitFileType = wrapper.application; includeInIndex = 0; path = Meno.app; sourceTree = BUILT_PRODUCTS_DIR; };
		5A485EE51FBB1D5900175169 /* AppDelegate.swift */ = {isa = PBXFileReference; lastKnownFileType = sourcecode.swift; path = AppDelegate.swift; sourceTree = "<group>"; };
		5A485EE91FBB1D5900175169 /* Assets.xcassets */ = {isa = PBXFileReference; lastKnownFileType = folder.assetcatalog; path = Assets.xcassets; sourceTree = "<group>"; };
		5A485EEC1FBB1D5900175169 /* Base */ = {isa = PBXFileReference; lastKnownFileType = file.storyboard; name = Base; path = Base.lproj/Main.storyboard; sourceTree = "<group>"; };
		5A485EEE1FBB1D5900175169 /* Info.plist */ = {isa = PBXFileReference; lastKnownFileType = text.plist.xml; path = Info.plist; sourceTree = "<group>"; };
		5A485EEF1FBB1D5900175169 /* Meno.entitlements */ = {isa = PBXFileReference; lastKnownFileType = text.plist.entitlements; path = Meno.entitlements; sourceTree = "<group>"; };
		5A485EF91FBB226600175169 /* AppDef.swift */ = {isa = PBXFileReference; lastKnownFileType = sourcecode.swift; path = AppDef.swift; sourceTree = "<group>"; };
		5A485EFB1FBB22B700175169 /* WindowController.swift */ = {isa = PBXFileReference; lastKnownFileType = sourcecode.swift; path = WindowController.swift; sourceTree = "<group>"; };
		5A485EFD1FBB286800175169 /* SplitViewController.swift */ = {isa = PBXFileReference; lastKnownFileType = sourcecode.swift; path = SplitViewController.swift; sourceTree = "<group>"; };
		5A485EFF1FBB28D400175169 /* ItemsViewController.swift */ = {isa = PBXFileReference; lastKnownFileType = sourcecode.swift; path = ItemsViewController.swift; sourceTree = "<group>"; };
		5A485F011FBBC8C100175169 /* EditViewController.swift */ = {isa = PBXFileReference; lastKnownFileType = sourcecode.swift; path = EditViewController.swift; sourceTree = "<group>"; };
		5A485F071FBE735B00175169 /* DBManager.swift */ = {isa = PBXFileReference; lastKnownFileType = sourcecode.swift; path = DBManager.swift; sourceTree = "<group>"; };
		5A485F091FBEF05C00175169 /* NoteProfile.swift */ = {isa = PBXFileReference; lastKnownFileType = sourcecode.swift; path = NoteProfile.swift; sourceTree = "<group>"; };
		5A5A43A11FF9DBA400B42AD7 /* TextViewAttributeObserver.swift */ = {isa = PBXFileReference; lastKnownFileType = sourcecode.swift; path = TextViewAttributeObserver.swift; sourceTree = "<group>"; };
		5AA091821FEF733300FFD5C3 /* TitleField.swift */ = {isa = PBXFileReference; lastKnownFileType = sourcecode.swift; path = TitleField.swift; sourceTree = "<group>"; };
		5AA091841FEFF45F00FFD5C3 /* TitleFieldCell.swift */ = {isa = PBXFileReference; lastKnownFileType = sourcecode.swift; path = TitleFieldCell.swift; sourceTree = "<group>"; };
		5AB900901FFA6123009D3A47 /* ParagraphMenu.swift */ = {isa = PBXFileReference; lastKnownFileType = sourcecode.swift; path = ParagraphMenu.swift; sourceTree = "<group>"; };
		5AB900941FFA9ABD009D3A47 /* MTableRowView.swift */ = {isa = PBXFileReference; lastKnownFileType = sourcecode.swift; path = MTableRowView.swift; sourceTree = "<group>"; };
		5AD6F6D01FDC45BF00E6427D /* EditView.swift */ = {isa = PBXFileReference; lastKnownFileType = sourcecode.swift; path = EditView.swift; sourceTree = "<group>"; };
		CA994BC6EE4ED591F96D8487 /* Pods-Meno.debug.xcconfig */ = {isa = PBXFileReference; includeInIndex = 1; lastKnownFileType = text.xcconfig; name = "Pods-Meno.debug.xcconfig"; path = "Pods/Target Support Files/Pods-Meno/Pods-Meno.debug.xcconfig"; sourceTree = "<group>"; };
		DC2EA303C9008D10B26E5E0D /* Pods-Meno.release.xcconfig */ = {isa = PBXFileReference; includeInIndex = 1; lastKnownFileType = text.xcconfig; name = "Pods-Meno.release.xcconfig"; path = "Pods/Target Support Files/Pods-Meno/Pods-Meno.release.xcconfig"; sourceTree = "<group>"; };
/* End PBXFileReference section */

/* Begin PBXFrameworksBuildPhase section */
		5A485EDF1FBB1D5900175169 /* Frameworks */ = {
			isa = PBXFrameworksBuildPhase;
			buildActionMask = 2147483647;
			files = (
				AE7AF2BDD8D9B1D81E3242B7 /* Pods_Meno.framework in Frameworks */,
			);
			runOnlyForDeploymentPostprocessing = 0;
		};
/* End PBXFrameworksBuildPhase section */

/* Begin PBXGroup section */
		101FF636DF6A5DDA980A480A /* Pods */ = {
			isa = PBXGroup;
			children = (
				CA994BC6EE4ED591F96D8487 /* Pods-Meno.debug.xcconfig */,
				DC2EA303C9008D10B26E5E0D /* Pods-Meno.release.xcconfig */,
			);
			name = Pods;
			sourceTree = "<group>";
		};
		5A485ED91FBB1D5900175169 = {
			isa = PBXGroup;
			children = (
				5A485EF91FBB226600175169 /* AppDef.swift */,
				5A485EF81FBB222C00175169 /* Util */,
				5A485EF71FBB222200175169 /* Repo */,
				5A485EE41FBB1D5900175169 /* Meno */,
				5A485EE31FBB1D5900175169 /* Products */,
				101FF636DF6A5DDA980A480A /* Pods */,
				62237B40B249F5A8772A2B5D /* Frameworks */,
			);
			sourceTree = "<group>";
		};
		5A485EE31FBB1D5900175169 /* Products */ = {
			isa = PBXGroup;
			children = (
				5A485EE21FBB1D5900175169 /* Meno.app */,
			);
			name = Products;
			sourceTree = "<group>";
		};
		5A485EE41FBB1D5900175169 /* Meno */ = {
			isa = PBXGroup;
			children = (
				5A485EF61FBB221A00175169 /* Model */,
				5A485EF51FBB220600175169 /* Controller */,
				5A485EE51FBB1D5900175169 /* AppDelegate.swift */,
				5A485EE91FBB1D5900175169 /* Assets.xcassets */,
				5A485EEB1FBB1D5900175169 /* Main.storyboard */,
				5A485EEE1FBB1D5900175169 /* Info.plist */,
				5A485EEF1FBB1D5900175169 /* Meno.entitlements */,
			);
			path = Meno;
			sourceTree = "<group>";
		};
		5A485EF51FBB220600175169 /* Controller */ = {
			isa = PBXGroup;
			children = (
				5A485EFB1FBB22B700175169 /* WindowController.swift */,
				5A485EFD1FBB286800175169 /* SplitViewController.swift */,
				5A485EFF1FBB28D400175169 /* ItemsViewController.swift */,
				5A485F011FBBC8C100175169 /* EditViewController.swift */,
			);
			path = Controller;
			sourceTree = "<group>";
		};
		5A485EF61FBB221A00175169 /* Model */ = {
			isa = PBXGroup;
			children = (
				5A485F071FBE735B00175169 /* DBManager.swift */,
				5A485F091FBEF05C00175169 /* NoteProfile.swift */,
				5A1F34881FC3019700E2DBDC /* MTextView.swift */,
				5A5A43A11FF9DBA400B42AD7 /* TextViewAttributeObserver.swift */,
				5A13C8061FC942F700F333A7 /* URLAttachmentCell.swift */,
				5AA091821FEF733300FFD5C3 /* TitleField.swift */,
				5AB900941FFA9ABD009D3A47 /* MTableRowView.swift */,
				5AB900901FFA6123009D3A47 /* ParagraphMenu.swift */,
				5AA091841FEFF45F00FFD5C3 /* TitleFieldCell.swift */,
				5AD6F6D01FDC45BF00E6427D /* EditView.swift */,
			);
			path = Model;
			sourceTree = "<group>";
		};
		5A485EF71FBB222200175169 /* Repo */ = {
			isa = PBXGroup;
			children = (
			);
			path = Repo;
			sourceTree = "<group>";
		};
		5A485EF81FBB222C00175169 /* Util */ = {
			isa = PBXGroup;
			children = (
			);
			path = Util;
			sourceTree = "<group>";
		};
		62237B40B249F5A8772A2B5D /* Frameworks */ = {
			isa = PBXGroup;
			children = (
				2477455312ED6AB0263ED9DE /* Pods_Meno.framework */,
			);
			name = Frameworks;
			sourceTree = "<group>";
		};
/* End PBXGroup section */

/* Begin PBXNativeTarget section */
		5A485EE11FBB1D5900175169 /* Meno */ = {
			isa = PBXNativeTarget;
			buildConfigurationList = 5A485EF21FBB1D5900175169 /* Build configuration list for PBXNativeTarget "Meno" */;
			buildPhases = (
				6E8F713AE6D850EE69D4A467 /* [CP] Check Pods Manifest.lock */,
				5A485EDE1FBB1D5900175169 /* Sources */,
				5A485EDF1FBB1D5900175169 /* Frameworks */,
				5A485EE01FBB1D5900175169 /* Resources */,
				54CFF9649052148CCBC31BF6 /* [CP] Embed Pods Frameworks */,
				F50E8E5386BF483FD472F626 /* [CP] Copy Pods Resources */,
			);
			buildRules = (
			);
			dependencies = (
			);
			name = Meno;
			productName = Meno;
			productReference = 5A485EE21FBB1D5900175169 /* Meno.app */;
			productType = "com.apple.product-type.application";
		};
/* End PBXNativeTarget section */

/* Begin PBXProject section */
		5A485EDA1FBB1D5900175169 /* Project object */ = {
			isa = PBXProject;
			attributes = {
				LastSwiftUpdateCheck = 0900;
				LastUpgradeCheck = 0900;
				ORGANIZATIONNAME = "Taro Yanagiya";
				TargetAttributes = {
					5A485EE11FBB1D5900175169 = {
						CreatedOnToolsVersion = 9.0.1;
						ProvisioningStyle = Automatic;
						SystemCapabilities = {
							com.apple.Sandbox = {
								enabled = 0;
							};
						};
					};
				};
			};
			buildConfigurationList = 5A485EDD1FBB1D5900175169 /* Build configuration list for PBXProject "Meno" */;
			compatibilityVersion = "Xcode 8.0";
			developmentRegion = en;
			hasScannedForEncodings = 0;
			knownRegions = (
				en,
				Base,
			);
			mainGroup = 5A485ED91FBB1D5900175169;
			productRefGroup = 5A485EE31FBB1D5900175169 /* Products */;
			projectDirPath = "";
			projectRoot = "";
			targets = (
				5A485EE11FBB1D5900175169 /* Meno */,
			);
		};
/* End PBXProject section */

/* Begin PBXResourcesBuildPhase section */
		5A485EE01FBB1D5900175169 /* Resources */ = {
			isa = PBXResourcesBuildPhase;
			buildActionMask = 2147483647;
			files = (
				5A485EEA1FBB1D5900175169 /* Assets.xcassets in Resources */,
				5A485EED1FBB1D5900175169 /* Main.storyboard in Resources */,
			);
			runOnlyForDeploymentPostprocessing = 0;
		};
/* End PBXResourcesBuildPhase section */

/* Begin PBXShellScriptBuildPhase section */
		54CFF9649052148CCBC31BF6 /* [CP] Embed Pods Frameworks */ = {
			isa = PBXShellScriptBuildPhase;
			buildActionMask = 2147483647;
			files = (
			);
			inputPaths = (
				"${SRCROOT}/Pods/Target Support Files/Pods-Meno/Pods-Meno-frameworks.sh",
				"${BUILT_PRODUCTS_DIR}/FMDB/FMDB.framework",
			);
			name = "[CP] Embed Pods Frameworks";
			outputPaths = (
				"${TARGET_BUILD_DIR}/${FRAMEWORKS_FOLDER_PATH}/FMDB.framework",
			);
			runOnlyForDeploymentPostprocessing = 0;
			shellPath = /bin/sh;
			shellScript = "\"${SRCROOT}/Pods/Target Support Files/Pods-Meno/Pods-Meno-frameworks.sh\"\n";
			showEnvVarsInLog = 0;
		};
		6E8F713AE6D850EE69D4A467 /* [CP] Check Pods Manifest.lock */ = {
			isa = PBXShellScriptBuildPhase;
			buildActionMask = 2147483647;
			files = (
			);
			inputPaths = (
				"${PODS_PODFILE_DIR_PATH}/Podfile.lock",
				"${PODS_ROOT}/Manifest.lock",
			);
			name = "[CP] Check Pods Manifest.lock";
			outputPaths = (
				"$(DERIVED_FILE_DIR)/Pods-Meno-checkManifestLockResult.txt",
			);
			runOnlyForDeploymentPostprocessing = 0;
			shellPath = /bin/sh;
			shellScript = "diff \"${PODS_PODFILE_DIR_PATH}/Podfile.lock\" \"${PODS_ROOT}/Manifest.lock\" > /dev/null\nif [ $? != 0 ] ; then\n    # print error to STDERR\n    echo \"error: The sandbox is not in sync with the Podfile.lock. Run 'pod install' or update your CocoaPods installation.\" >&2\n    exit 1\nfi\n# This output is used by Xcode 'outputs' to avoid re-running this script phase.\necho \"SUCCESS\" > \"${SCRIPT_OUTPUT_FILE_0}\"\n";
			showEnvVarsInLog = 0;
		};
		F50E8E5386BF483FD472F626 /* [CP] Copy Pods Resources */ = {
			isa = PBXShellScriptBuildPhase;
			buildActionMask = 2147483647;
			files = (
			);
			inputPaths = (
			);
			name = "[CP] Copy Pods Resources";
			outputPaths = (
			);
			runOnlyForDeploymentPostprocessing = 0;
			shellPath = /bin/sh;
			shellScript = "\"${SRCROOT}/Pods/Target Support Files/Pods-Meno/Pods-Meno-resources.sh\"\n";
			showEnvVarsInLog = 0;
		};
/* End PBXShellScriptBuildPhase section */

/* Begin PBXSourcesBuildPhase section */
		5A485EDE1FBB1D5900175169 /* Sources */ = {
			isa = PBXSourcesBuildPhase;
			buildActionMask = 2147483647;
			files = (
				5A485F001FBB28D400175169 /* ItemsViewController.swift in Sources */,
				5A485EE61FBB1D5900175169 /* AppDelegate.swift in Sources */,
				5AD6F6D11FDC45BF00E6427D /* EditView.swift in Sources */,
				5AA091831FEF733300FFD5C3 /* TitleField.swift in Sources */,
				5A1F34891FC3019700E2DBDC /* MTextView.swift in Sources */,
				5A485F031FBBC8C100175169 /* EditViewController.swift in Sources */,
				5A13C8071FC942F700F333A7 /* URLAttachmentCell.swift in Sources */,
				5A485F0A1FBEF05C00175169 /* NoteProfile.swift in Sources */,
				5A5A43A21FF9DBA400B42AD7 /* TextViewAttributeObserver.swift in Sources */,
				5A485EFA1FBB226600175169 /* AppDef.swift in Sources */,
				5A485EFC1FBB22B700175169 /* WindowController.swift in Sources */,
				5A485EFE1FBB286800175169 /* SplitViewController.swift in Sources */,
				5A485F081FBE735B00175169 /* DBManager.swift in Sources */,
				5AA091851FEFF45F00FFD5C3 /* TitleFieldCell.swift in Sources */,
				5AB900911FFA6123009D3A47 /* ParagraphMenu.swift in Sources */,
				5AB900951FFA9ABD009D3A47 /* MTableRowView.swift in Sources */,
			);
			runOnlyForDeploymentPostprocessing = 0;
		};
/* End PBXSourcesBuildPhase section */

/* Begin PBXVariantGroup section */
		5A485EEB1FBB1D5900175169 /* Main.storyboard */ = {
			isa = PBXVariantGroup;
			children = (
				5A485EEC1FBB1D5900175169 /* Base */,
			);
			name = Main.storyboard;
			sourceTree = "<group>";
		};
/* End PBXVariantGroup section */

/* Begin XCBuildConfiguration section */
		5A485EF01FBB1D5900175169 /* Debug */ = {
			isa = XCBuildConfiguration;
			buildSettings = {
				ALWAYS_SEARCH_USER_PATHS = NO;
				CLANG_ANALYZER_NONNULL = YES;
				CLANG_ANALYZER_NUMBER_OBJECT_CONVERSION = YES_AGGRESSIVE;
				CLANG_CXX_LANGUAGE_STANDARD = "gnu++14";
				CLANG_CXX_LIBRARY = "libc++";
				CLANG_ENABLE_MODULES = YES;
				CLANG_ENABLE_OBJC_ARC = YES;
				CLANG_WARN_BLOCK_CAPTURE_AUTORELEASING = YES;
				CLANG_WARN_BOOL_CONVERSION = YES;
				CLANG_WARN_COMMA = YES;
				CLANG_WARN_CONSTANT_CONVERSION = YES;
				CLANG_WARN_DIRECT_OBJC_ISA_USAGE = YES_ERROR;
				CLANG_WARN_DOCUMENTATION_COMMENTS = YES;
				CLANG_WARN_EMPTY_BODY = YES;
				CLANG_WARN_ENUM_CONVERSION = YES;
				CLANG_WARN_INFINITE_RECURSION = YES;
				CLANG_WARN_INT_CONVERSION = YES;
				CLANG_WARN_NON_LITERAL_NULL_CONVERSION = YES;
				CLANG_WARN_OBJC_LITERAL_CONVERSION = YES;
				CLANG_WARN_OBJC_ROOT_CLASS = YES_ERROR;
				CLANG_WARN_RANGE_LOOP_ANALYSIS = YES;
				CLANG_WARN_STRICT_PROTOTYPES = YES;
				CLANG_WARN_SUSPICIOUS_MOVE = YES;
				CLANG_WARN_UNGUARDED_AVAILABILITY = YES_AGGRESSIVE;
				CLANG_WARN_UNREACHABLE_CODE = YES;
				CLANG_WARN__DUPLICATE_METHOD_MATCH = YES;
				CODE_SIGN_IDENTITY = "Mac Developer";
				COPY_PHASE_STRIP = NO;
				DEBUG_INFORMATION_FORMAT = dwarf;
				ENABLE_STRICT_OBJC_MSGSEND = YES;
				ENABLE_TESTABILITY = YES;
				GCC_C_LANGUAGE_STANDARD = gnu11;
				GCC_DYNAMIC_NO_PIC = NO;
				GCC_NO_COMMON_BLOCKS = YES;
				GCC_OPTIMIZATION_LEVEL = 0;
				GCC_PREPROCESSOR_DEFINITIONS = (
					"DEBUG=1",
					"$(inherited)",
				);
				GCC_WARN_64_TO_32_BIT_CONVERSION = YES;
				GCC_WARN_ABOUT_RETURN_TYPE = YES_ERROR;
				GCC_WARN_UNDECLARED_SELECTOR = YES;
				GCC_WARN_UNINITIALIZED_AUTOS = YES_AGGRESSIVE;
				GCC_WARN_UNUSED_FUNCTION = YES;
				GCC_WARN_UNUSED_VARIABLE = YES;
				MACOSX_DEPLOYMENT_TARGET = 10.13;
				MTL_ENABLE_DEBUG_INFO = YES;
				ONLY_ACTIVE_ARCH = YES;
				SDKROOT = macosx;
				SWIFT_ACTIVE_COMPILATION_CONDITIONS = DEBUG;
				SWIFT_OPTIMIZATION_LEVEL = "-Onone";
			};
			name = Debug;
		};
		5A485EF11FBB1D5900175169 /* Release */ = {
			isa = XCBuildConfiguration;
			buildSettings = {
				ALWAYS_SEARCH_USER_PATHS = NO;
				CLANG_ANALYZER_NONNULL = YES;
				CLANG_ANALYZER_NUMBER_OBJECT_CONVERSION = YES_AGGRESSIVE;
				CLANG_CXX_LANGUAGE_STANDARD = "gnu++14";
				CLANG_CXX_LIBRARY = "libc++";
				CLANG_ENABLE_MODULES = YES;
				CLANG_ENABLE_OBJC_ARC = YES;
				CLANG_WARN_BLOCK_CAPTURE_AUTORELEASING = YES;
				CLANG_WARN_BOOL_CONVERSION = YES;
				CLANG_WARN_COMMA = YES;
				CLANG_WARN_CONSTANT_CONVERSION = YES;
				CLANG_WARN_DIRECT_OBJC_ISA_USAGE = YES_ERROR;
				CLANG_WARN_DOCUMENTATION_COMMENTS = YES;
				CLANG_WARN_EMPTY_BODY = YES;
				CLANG_WARN_ENUM_CONVERSION = YES;
				CLANG_WARN_INFINITE_RECURSION = YES;
				CLANG_WARN_INT_CONVERSION = YES;
				CLANG_WARN_NON_LITERAL_NULL_CONVERSION = YES;
				CLANG_WARN_OBJC_LITERAL_CONVERSION = YES;
				CLANG_WARN_OBJC_ROOT_CLASS = YES_ERROR;
				CLANG_WARN_RANGE_LOOP_ANALYSIS = YES;
				CLANG_WARN_STRICT_PROTOTYPES = YES;
				CLANG_WARN_SUSPICIOUS_MOVE = YES;
				CLANG_WARN_UNGUARDED_AVAILABILITY = YES_AGGRESSIVE;
				CLANG_WARN_UNREACHABLE_CODE = YES;
				CLANG_WARN__DUPLICATE_METHOD_MATCH = YES;
				CODE_SIGN_IDENTITY = "Mac Developer";
				COPY_PHASE_STRIP = NO;
				DEBUG_INFORMATION_FORMAT = "dwarf-with-dsym";
				ENABLE_NS_ASSERTIONS = NO;
				ENABLE_STRICT_OBJC_MSGSEND = YES;
				GCC_C_LANGUAGE_STANDARD = gnu11;
				GCC_NO_COMMON_BLOCKS = YES;
				GCC_WARN_64_TO_32_BIT_CONVERSION = YES;
				GCC_WARN_ABOUT_RETURN_TYPE = YES_ERROR;
				GCC_WARN_UNDECLARED_SELECTOR = YES;
				GCC_WARN_UNINITIALIZED_AUTOS = YES_AGGRESSIVE;
				GCC_WARN_UNUSED_FUNCTION = YES;
				GCC_WARN_UNUSED_VARIABLE = YES;
				MACOSX_DEPLOYMENT_TARGET = 10.13;
				MTL_ENABLE_DEBUG_INFO = NO;
				SDKROOT = macosx;
				SWIFT_OPTIMIZATION_LEVEL = "-Owholemodule";
			};
			name = Release;
		};
		5A485EF31FBB1D5900175169 /* Debug */ = {
			isa = XCBuildConfiguration;
			baseConfigurationReference = CA994BC6EE4ED591F96D8487 /* Pods-Meno.debug.xcconfig */;
			buildSettings = {
				ASSETCATALOG_COMPILER_APPICON_NAME = AppIcon;
				CODE_SIGN_IDENTITY = "Mac Developer";
				CODE_SIGN_STYLE = Automatic;
				COMBINE_HIDPI_IMAGES = YES;
				DEVELOPMENT_TEAM = AWCYL253V9;
				INFOPLIST_FILE = Meno/Info.plist;
				LD_RUNPATH_SEARCH_PATHS = "$(inherited) @executable_path/../Frameworks";
				MACOSX_DEPLOYMENT_TARGET = 10.13;
				PRODUCT_BUNDLE_IDENTIFIER = com.taromi.Meno;
				PRODUCT_NAME = "$(TARGET_NAME)";
				PROVISIONING_PROFILE_SPECIFIER = "";
				SWIFT_VERSION = 4.0;
			};
			name = Debug;
		};
		5A485EF41FBB1D5900175169 /* Release */ = {
			isa = XCBuildConfiguration;
			baseConfigurationReference = DC2EA303C9008D10B26E5E0D /* Pods-Meno.release.xcconfig */;
			buildSettings = {
				ASSETCATALOG_COMPILER_APPICON_NAME = AppIcon;
				CODE_SIGN_IDENTITY = "Mac Developer";
				CODE_SIGN_STYLE = Automatic;
				COMBINE_HIDPI_IMAGES = YES;
				DEVELOPMENT_TEAM = AWCYL253V9;
				INFOPLIST_FILE = Meno/Info.plist;
				LD_RUNPATH_SEARCH_PATHS = "$(inherited) @executable_path/../Frameworks";
				MACOSX_DEPLOYMENT_TARGET = 10.13;
				PRODUCT_BUNDLE_IDENTIFIER = com.taromi.Meno;
				PRODUCT_NAME = "$(TARGET_NAME)";
				PROVISIONING_PROFILE_SPECIFIER = "";
				SWIFT_VERSION = 4.0;
			};
			name = Release;
		};
/* End XCBuildConfiguration section */

/* Begin XCConfigurationList section */
		5A485EDD1FBB1D5900175169 /* Build configuration list for PBXProject "Meno" */ = {
			isa = XCConfigurationList;
			buildConfigurations = (
				5A485EF01FBB1D5900175169 /* Debug */,
				5A485EF11FBB1D5900175169 /* Release */,
			);
			defaultConfigurationIsVisible = 0;
			defaultConfigurationName = Release;
		};
		5A485EF21FBB1D5900175169 /* Build configuration list for PBXNativeTarget "Meno" */ = {
			isa = XCConfigurationList;
			buildConfigurations = (
				5A485EF31FBB1D5900175169 /* Debug */,
				5A485EF41FBB1D5900175169 /* Release */,
			);
			defaultConfigurationIsVisible = 0;
			defaultConfigurationName = Release;
		};
/* End XCConfigurationList section */
	};
	rootObject = 5A485EDA1FBB1D5900175169 /* Project object */;
}
